
Microsoft Visual Studio Solution File, Format Version 12.00
Project("{2150E333-8FDC-42A3-9474-1A3956D46DE8}") = "Core", "Core", "{C559B976-FC13-4582-A20F-7DA5036D3EF7}"
EndProject
Project("{2150E333-8FDC-42A3-9474-1A3956D46DE8}") = "Infrastructure", "Infrastructure", "{6261D990-F1ED-4F0A-90D6-0F70C4F8D23E}"
EndProject
Project("{2150E333-8FDC-42A3-9474-1A3956D46DE8}") = "Presentation", "Presentation", "{0AEF9A0C-6E00-48B6-B09B-745815D6F2A0}"
EndProject
Project("{FAE04EC0-301F-11D3-BF4B-00C04F79EFBC}") = "Domain", "src\Domain\Domain.csproj", "{5240E961-9712-4224-90A2-FF1BC687F3EA}"
EndProject
Project("{FAE04EC0-301F-11D3-BF4B-00C04F79EFBC}") = "Application", "src\Application\Application.csproj", "{37130C67-22D4-4669-911F-6950C3DDB855}"
EndProject
Project("{FAE04EC0-301F-11D3-BF4B-00C04F79EFBC}") = "DataLayer", "src\DataLayer\DataLayer.csproj", "{BB62C493-891C-4C88-AFDF-52FA0BE0DCDD}"
EndProject
Project("{FAE04EC0-301F-11D3-BF4B-00C04F79EFBC}") = "WebApi", "src\WebApi\WebApi.csproj", "{0AE55475-B777-46C6-A2B0-5F8A1FE1B138}"
EndProject
Project("{FAE04EC0-301F-11D3-BF4B-00C04F79EFBC}") = "EmailSender", "src\EmailSender\EmailSender.csproj", "{62D061AF-4160-4935-9547-2B3A7A987AF7}"
EndProject
Global
	GlobalSection(SolutionConfigurationPlatforms) = preSolution
		Debug|Any CPU = Debug|Any CPU
		Release|Any CPU = Release|Any CPU
	EndGlobalSection
	GlobalSection(NestedProjects) = preSolution
		{5240E961-9712-4224-90A2-FF1BC687F3EA} = {C559B976-FC13-4582-A20F-7DA5036D3EF7}
		{37130C67-22D4-4669-911F-6950C3DDB855} = {C559B976-FC13-4582-A20F-7DA5036D3EF7}
		{BB62C493-891C-4C88-AFDF-52FA0BE0DCDD} = {6261D990-F1ED-4F0A-90D6-0F70C4F8D23E}
		{0AE55475-B777-46C6-A2B0-5F8A1FE1B138} = {0AEF9A0C-6E00-48B6-B09B-745815D6F2A0}
		{62D061AF-4160-4935-9547-2B3A7A987AF7} = {6261D990-F1ED-4F0A-90D6-0F70C4F8D23E}
	EndGlobalSection
	GlobalSection(ProjectConfigurationPlatforms) = postSolution
		{5240E961-9712-4224-90A2-FF1BC687F3EA}.Debug|Any CPU.ActiveCfg = Debug|Any CPU
		{5240E961-9712-4224-90A2-FF1BC687F3EA}.Debug|Any CPU.Build.0 = Debug|Any CPU
		{5240E961-9712-4224-90A2-FF1BC687F3EA}.Release|Any CPU.ActiveCfg = Release|Any CPU
		{5240E961-9712-4224-90A2-FF1BC687F3EA}.Release|Any CPU.Build.0 = Release|Any CPU
		{37130C67-22D4-4669-911F-6950C3DDB855}.Debug|Any CPU.ActiveCfg = Debug|Any CPU
		{37130C67-22D4-4669-911F-6950C3DDB855}.Debug|Any CPU.Build.0 = Debug|Any CPU
		{37130C67-22D4-4669-911F-6950C3DDB855}.Release|Any CPU.ActiveCfg = Release|Any CPU
		{37130C67-22D4-4669-911F-6950C3DDB855}.Release|Any CPU.Build.0 = Release|Any CPU
		{BB62C493-891C-4C88-AFDF-52FA0BE0DCDD}.Debug|Any CPU.ActiveCfg = Debug|Any CPU
		{BB62C493-891C-4C88-AFDF-52FA0BE0DCDD}.Debug|Any CPU.Build.0 = Debug|Any CPU
		{BB62C493-891C-4C88-AFDF-52FA0BE0DCDD}.Release|Any CPU.ActiveCfg = Release|Any CPU
		{BB62C493-891C-4C88-AFDF-52FA0BE0DCDD}.Release|Any CPU.Build.0 = Release|Any CPU
		{0AE55475-B777-46C6-A2B0-5F8A1FE1B138}.Debug|Any CPU.ActiveCfg = Debug|Any CPU
		{0AE55475-B777-46C6-A2B0-5F8A1FE1B138}.Debug|Any CPU.Build.0 = Debug|Any CPU
		{0AE55475-B777-46C6-A2B0-5F8A1FE1B138}.Release|Any CPU.ActiveCfg = Release|Any CPU
		{0AE55475-B777-46C6-A2B0-5F8A1FE1B138}.Release|Any CPU.Build.0 = Release|Any CPU
		{62D061AF-4160-4935-9547-2B3A7A987AF7}.Debug|Any CPU.ActiveCfg = Debug|Any CPU
		{62D061AF-4160-4935-9547-2B3A7A987AF7}.Debug|Any CPU.Build.0 = Debug|Any CPU
		{62D061AF-4160-4935-9547-2B3A7A987AF7}.Release|Any CPU.ActiveCfg = Release|Any CPU
		{62D061AF-4160-4935-9547-2B3A7A987AF7}.Release|Any CPU.Build.0 = Release|Any CPU
	EndGlobalSection
EndGlobal
